
Microsoft Visual Studio Solution File, Format Version 12.00
# Visual Studio Version 17
VisualStudioVersion = 17.10.35004.147
MinimumVisualStudioVersion = 10.0.40219.1
Project("{FAE04EC0-301F-11D3-BF4B-00C04F79EFBC}") = "HelloWorld", "HelloWorld\HelloWorld.csproj", "{FCD02C03-0AAF-492F-A2F7-B8D1A0F6A061}"
EndProject
Global
	GlobalSection(SolutionConfigurationPlatforms) = preSolution
		Debug|Any CPU = Debug|Any CPU
		Release|Any CPU = Release|Any CPU
	EndGlobalSection
	GlobalSection(ProjectConfigurationPlatforms) = postSolution
		{FCD02C03-0AAF-492F-A2F7-B8D1A0F6A061}.Debug|Any CPU.ActiveCfg = Debug|Any CPU
		{FCD02C03-0AAF-492F-A2F7-B8D1A0F6A061}.Debug|Any CPU.Build.0 = Debug|Any CPU
		{FCD02C03-0AAF-492F-A2F7-B8D1A0F6A061}.Release|Any CPU.ActiveCfg = Release|Any CPU
		{FCD02C03-0AAF-492F-A2F7-B8D1A0F6A061}.Release|Any CPU.Build.0 = Release|Any CPU
	EndGlobalSection
	GlobalSection(SolutionProperties) = preSolution
		HideSolutionNode = FALSE
	EndGlobalSection
	GlobalSection(ExtensibilityGlobals) = postSolution
		SolutionGuid = {3F1A27BC-C872-466A-A515-BF0FAB570021}
	EndGlobalSection
EndGlobal
